// !$*UTF8*$!
{
	archiveVersion = 1;
	classes = {
	};
	objectVersion = 50;
	objects = {

/* Begin PBXBuildFile section */
		417C53FB21A6C9A700A7C0FE /* AppDelegate.swift in Sources */ = {isa = PBXBuildFile; fileRef = 417C53FA21A6C9A700A7C0FE /* AppDelegate.swift */; };
		417C541121A6CA1000A7C0FE /* BaseViewController.swift in Sources */ = {isa = PBXBuildFile; fileRef = 417C541021A6CA1000A7C0FE /* BaseViewController.swift */; };
		417C541621A6CCB900A7C0FE /* HomeViewController.swift in Sources */ = {isa = PBXBuildFile; fileRef = 417C541521A6CCB900A7C0FE /* HomeViewController.swift */; };
		417C541921A6CCFD00A7C0FE /* Home.swift in Sources */ = {isa = PBXBuildFile; fileRef = 417C541821A6CCFD00A7C0FE /* Home.swift */; };
		417C541B21A6CD4F00A7C0FE /* HomeUser.swift in Sources */ = {isa = PBXBuildFile; fileRef = 417C541A21A6CD4F00A7C0FE /* HomeUser.swift */; };
		417C541D21A6CE4C00A7C0FE /* HomeUserItem.swift in Sources */ = {isa = PBXBuildFile; fileRef = 417C541C21A6CE4C00A7C0FE /* HomeUserItem.swift */; };
		417C542021A6CF9B00A7C0FE /* NSDictionary+Value.swift in Sources */ = {isa = PBXBuildFile; fileRef = 417C541F21A6CF9B00A7C0FE /* NSDictionary+Value.swift */; };
		417C542521A6D05B00A7C0FE /* HomeView.swift in Sources */ = {isa = PBXBuildFile; fileRef = 417C542421A6D05B00A7C0FE /* HomeView.swift */; };
		417C542B21A6D1AD00A7C0FE /* Home.storyboard in Resources */ = {isa = PBXBuildFile; fileRef = 417C542921A6D1AD00A7C0FE /* Home.storyboard */; };
		417C542C21A6D1AD00A7C0FE /* HomeView.xib in Resources */ = {isa = PBXBuildFile; fileRef = 417C542A21A6D1AD00A7C0FE /* HomeView.xib */; };
		417C543021A6D1DD00A7C0FE /* HomeProtocol.swift in Sources */ = {isa = PBXBuildFile; fileRef = 417C542F21A6D1DD00A7C0FE /* HomeProtocol.swift */; };
		417C543221A6D38800A7C0FE /* HomePresenter.swift in Sources */ = {isa = PBXBuildFile; fileRef = 417C543121A6D38800A7C0FE /* HomePresenter.swift */; };
		417C543421A6D43600A7C0FE /* UIStoryboard+ViewControllerLoader.swift in Sources */ = {isa = PBXBuildFile; fileRef = 417C543321A6D43600A7C0FE /* UIStoryboard+ViewControllerLoader.swift */; };
		417C543721A6D82300A7C0FE /* NMFLoadingOverlay.swift in Sources */ = {isa = PBXBuildFile; fileRef = 417C543621A6D82300A7C0FE /* NMFLoadingOverlay.swift */; };
		417C544021A6ED6000A7C0FE /* Assets.xcassets in Resources */ = {isa = PBXBuildFile; fileRef = 417C543F21A6ED6000A7C0FE /* Assets.xcassets */; };
		417C544221A6EDA400A7C0FE /* LaunchScreen.storyboard in Resources */ = {isa = PBXBuildFile; fileRef = 417C543C21A6ED3400A7C0FE /* LaunchScreen.storyboard */; };
		417C544521A6EE4F00A7C0FE /* HomeService.swift in Sources */ = {isa = PBXBuildFile; fileRef = 417C544421A6EE4F00A7C0FE /* HomeService.swift */; };
		417C544821A6EEF200A7C0FE /* HomeData.json in Resources */ = {isa = PBXBuildFile; fileRef = 417C544721A6EEF200A7C0FE /* HomeData.json */; };
		417C544A21A6EF4D00A7C0FE /* NSObject+JSONFileReader.swift in Sources */ = {isa = PBXBuildFile; fileRef = 417C544921A6EF4D00A7C0FE /* NSObject+JSONFileReader.swift */; };
		41FBCD4D21A7D18100C40D8C /* EvenItemsTableViewCell.xib in Resources */ = {isa = PBXBuildFile; fileRef = 41FBCD4B21A7D18100C40D8C /* EvenItemsTableViewCell.xib */; };
		41FBCD4F21A7D19600C40D8C /* EvenItemsTableViewCell.swift in Sources */ = {isa = PBXBuildFile; fileRef = 41FBCD4E21A7D19600C40D8C /* EvenItemsTableViewCell.swift */; };
		41FBCD5321A7D2EB00C40D8C /* HomeTableHeaderView.swift in Sources */ = {isa = PBXBuildFile; fileRef = 41FBCD5221A7D2EB00C40D8C /* HomeTableHeaderView.swift */; };
		41FBCD5721A7D30400C40D8C /* HomeTableHeaderView.xib in Resources */ = {isa = PBXBuildFile; fileRef = 41FBCD5621A7D30400C40D8C /* HomeTableHeaderView.xib */; };
/* End PBXBuildFile section */

/* Begin PBXFileReference section */
		417C53F721A6C9A700A7C0FE /* SDLabs.app */ = {isa = PBXFileReference; explicitFileType = wrapper.application; includeInIndex = 0; path = SDLabs.app; sourceTree = BUILT_PRODUCTS_DIR; };
		417C53FA21A6C9A700A7C0FE /* AppDelegate.swift */ = {isa = PBXFileReference; lastKnownFileType = sourcecode.swift; path = AppDelegate.swift; sourceTree = "<group>"; };
		417C541021A6CA1000A7C0FE /* BaseViewController.swift */ = {isa = PBXFileReference; lastKnownFileType = sourcecode.swift; path = BaseViewController.swift; sourceTree = "<group>"; };
		417C541521A6CCB900A7C0FE /* HomeViewController.swift */ = {isa = PBXFileReference; fileEncoding = 4; lastKnownFileType = sourcecode.swift; path = HomeViewController.swift; sourceTree = "<group>"; };
		417C541821A6CCFD00A7C0FE /* Home.swift */ = {isa = PBXFileReference; lastKnownFileType = sourcecode.swift; path = Home.swift; sourceTree = "<group>"; };
		417C541A21A6CD4F00A7C0FE /* HomeUser.swift */ = {isa = PBXFileReference; lastKnownFileType = sourcecode.swift; path = HomeUser.swift; sourceTree = "<group>"; };
		417C541C21A6CE4C00A7C0FE /* HomeUserItem.swift */ = {isa = PBXFileReference; lastKnownFileType = sourcecode.swift; path = HomeUserItem.swift; sourceTree = "<group>"; };
		417C541F21A6CF9B00A7C0FE /* NSDictionary+Value.swift */ = {isa = PBXFileReference; fileEncoding = 4; lastKnownFileType = sourcecode.swift; path = "NSDictionary+Value.swift"; sourceTree = "<group>"; };
		417C542421A6D05B00A7C0FE /* HomeView.swift */ = {isa = PBXFileReference; lastKnownFileType = sourcecode.swift; path = HomeView.swift; sourceTree = "<group>"; };
		417C542921A6D1AD00A7C0FE /* Home.storyboard */ = {isa = PBXFileReference; fileEncoding = 4; lastKnownFileType = file.storyboard; path = Home.storyboard; sourceTree = "<group>"; };
		417C542A21A6D1AD00A7C0FE /* HomeView.xib */ = {isa = PBXFileReference; fileEncoding = 4; lastKnownFileType = file.xib; path = HomeView.xib; sourceTree = "<group>"; };
		417C542F21A6D1DD00A7C0FE /* HomeProtocol.swift */ = {isa = PBXFileReference; lastKnownFileType = sourcecode.swift; path = HomeProtocol.swift; sourceTree = "<group>"; };
		417C543121A6D38800A7C0FE /* HomePresenter.swift */ = {isa = PBXFileReference; lastKnownFileType = sourcecode.swift; path = HomePresenter.swift; sourceTree = "<group>"; };
		417C543321A6D43600A7C0FE /* UIStoryboard+ViewControllerLoader.swift */ = {isa = PBXFileReference; fileEncoding = 4; lastKnownFileType = sourcecode.swift; path = "UIStoryboard+ViewControllerLoader.swift"; sourceTree = "<group>"; };
		417C543621A6D82300A7C0FE /* NMFLoadingOverlay.swift */ = {isa = PBXFileReference; fileEncoding = 4; lastKnownFileType = sourcecode.swift; path = NMFLoadingOverlay.swift; sourceTree = "<group>"; };
		417C543921A6ED1C00A7C0FE /* Info.plist */ = {isa = PBXFileReference; fileEncoding = 4; lastKnownFileType = text.plist.xml; path = Info.plist; sourceTree = "<group>"; };
		417C543D21A6ED3400A7C0FE /* Base */ = {isa = PBXFileReference; lastKnownFileType = file.storyboard; name = Base; path = LaunchScreen.storyboard; sourceTree = "<group>"; };
		417C543F21A6ED6000A7C0FE /* Assets.xcassets */ = {isa = PBXFileReference; lastKnownFileType = folder.assetcatalog; path = Assets.xcassets; sourceTree = "<group>"; };
		417C544421A6EE4F00A7C0FE /* HomeService.swift */ = {isa = PBXFileReference; lastKnownFileType = sourcecode.swift; path = HomeService.swift; sourceTree = "<group>"; };
		417C544721A6EEF200A7C0FE /* HomeData.json */ = {isa = PBXFileReference; fileEncoding = 4; lastKnownFileType = text.json; path = HomeData.json; sourceTree = "<group>"; };
		417C544921A6EF4D00A7C0FE /* NSObject+JSONFileReader.swift */ = {isa = PBXFileReference; fileEncoding = 4; lastKnownFileType = sourcecode.swift; path = "NSObject+JSONFileReader.swift"; sourceTree = "<group>"; };
		41FBCD4B21A7D18100C40D8C /* EvenItemsTableViewCell.xib */ = {isa = PBXFileReference; lastKnownFileType = file.xib; path = EvenItemsTableViewCell.xib; sourceTree = "<group>"; };
		41FBCD4E21A7D19600C40D8C /* EvenItemsTableViewCell.swift */ = {isa = PBXFileReference; fileEncoding = 4; lastKnownFileType = sourcecode.swift; path = EvenItemsTableViewCell.swift; sourceTree = "<group>"; };
		41FBCD5221A7D2EB00C40D8C /* HomeTableHeaderView.swift */ = {isa = PBXFileReference; lastKnownFileType = sourcecode.swift; path = HomeTableHeaderView.swift; sourceTree = "<group>"; };
		41FBCD5621A7D30400C40D8C /* HomeTableHeaderView.xib */ = {isa = PBXFileReference; lastKnownFileType = file.xib; path = HomeTableHeaderView.xib; sourceTree = "<group>"; };
/* End PBXFileReference section */

/* Begin PBXFrameworksBuildPhase section */
		417C53F421A6C9A700A7C0FE /* Frameworks */ = {
			isa = PBXFrameworksBuildPhase;
			buildActionMask = 2147483647;
			files = (
			);
			runOnlyForDeploymentPostprocessing = 0;
		};
/* End PBXFrameworksBuildPhase section */

/* Begin PBXGroup section */
		417C53EE21A6C9A700A7C0FE = {
			isa = PBXGroup;
			children = (
				417C53F921A6C9A700A7C0FE /* SDLabs */,
				417C53F821A6C9A700A7C0FE /* Products */,
			);
			sourceTree = "<group>";
		};
		417C53F821A6C9A700A7C0FE /* Products */ = {
			isa = PBXGroup;
			children = (
				417C53F721A6C9A700A7C0FE /* SDLabs.app */,
			);
			name = Products;
			sourceTree = "<group>";
		};
		417C53F921A6C9A700A7C0FE /* SDLabs */ = {
			isa = PBXGroup;
			children = (
				417C543821A6ED0E00A7C0FE /* Resources */,
				417C543521A6D81200A7C0FE /* Utility */,
				417C541E21A6CF8200A7C0FE /* Extension */,
				417C540C21A6C9DE00A7C0FE /* Modules */,
				417C53FA21A6C9A700A7C0FE /* AppDelegate.swift */,
			);
			path = SDLabs;
			sourceTree = "<group>";
		};
		417C540C21A6C9DE00A7C0FE /* Modules */ = {
			isa = PBXGroup;
			children = (
				417C540D21A6C9DE00A7C0FE /* Home Screen */,
				417C541021A6CA1000A7C0FE /* BaseViewController.swift */,
			);
			path = Modules;
			sourceTree = "<group>";
		};
		417C540D21A6C9DE00A7C0FE /* Home Screen */ = {
			isa = PBXGroup;
			children = (
				417C544321A6EE3F00A7C0FE /* Service */,
				417C542E21A6D1CD00A7C0FE /* Protocol */,
				417C542D21A6D1B700A7C0FE /* Presenter */,
				417C542821A6D1AD00A7C0FE /* XIB */,
				417C541721A6CCD600A7C0FE /* Model */,
				417C541421A6CCAB00A7C0FE /* Views */,
			);
			path = "Home Screen";
			sourceTree = "<group>";
		};
		417C541421A6CCAB00A7C0FE /* Views */ = {
			isa = PBXGroup;
			children = (
				41FBCD4E21A7D19600C40D8C /* EvenItemsTableViewCell.swift */,
				417C541521A6CCB900A7C0FE /* HomeViewController.swift */,
				417C542421A6D05B00A7C0FE /* HomeView.swift */,
				41FBCD5221A7D2EB00C40D8C /* HomeTableHeaderView.swift */,
			);
			path = Views;
			sourceTree = "<group>";
		};
		417C541721A6CCD600A7C0FE /* Model */ = {
			isa = PBXGroup;
			children = (
				417C541821A6CCFD00A7C0FE /* Home.swift */,
				417C541A21A6CD4F00A7C0FE /* HomeUser.swift */,
				417C541C21A6CE4C00A7C0FE /* HomeUserItem.swift */,
			);
			path = Model;
			sourceTree = "<group>";
		};
		417C541E21A6CF8200A7C0FE /* Extension */ = {
			isa = PBXGroup;
			children = (
				417C544921A6EF4D00A7C0FE /* NSObject+JSONFileReader.swift */,
				417C541F21A6CF9B00A7C0FE /* NSDictionary+Value.swift */,
				417C543321A6D43600A7C0FE /* UIStoryboard+ViewControllerLoader.swift */,
			);
			path = Extension;
			sourceTree = "<group>";
		};
		417C542821A6D1AD00A7C0FE /* XIB */ = {
			isa = PBXGroup;
			children = (
				417C542921A6D1AD00A7C0FE /* Home.storyboard */,
				417C542A21A6D1AD00A7C0FE /* HomeView.xib */,
				41FBCD4B21A7D18100C40D8C /* EvenItemsTableViewCell.xib */,
				41FBCD5621A7D30400C40D8C /* HomeTableHeaderView.xib */,
			);
			path = XIB;
			sourceTree = "<group>";
		};
		417C542D21A6D1B700A7C0FE /* Presenter */ = {
			isa = PBXGroup;
			children = (
				417C543121A6D38800A7C0FE /* HomePresenter.swift */,
			);
			path = Presenter;
			sourceTree = "<group>";
		};
		417C542E21A6D1CD00A7C0FE /* Protocol */ = {
			isa = PBXGroup;
			children = (
				417C542F21A6D1DD00A7C0FE /* HomeProtocol.swift */,
			);
			path = Protocol;
			sourceTree = "<group>";
		};
		417C543521A6D81200A7C0FE /* Utility */ = {
			isa = PBXGroup;
			children = (
				417C543621A6D82300A7C0FE /* NMFLoadingOverlay.swift */,
			);
			path = Utility;
			sourceTree = "<group>";
		};
		417C543821A6ED0E00A7C0FE /* Resources */ = {
			isa = PBXGroup;
			children = (
				417C544621A6EEE200A7C0FE /* JSON */,
				417C543F21A6ED6000A7C0FE /* Assets.xcassets */,
				417C543B21A6ED3400A7C0FE /* Base.lproj */,
				417C543921A6ED1C00A7C0FE /* Info.plist */,
			);
			path = Resources;
			sourceTree = "<group>";
		};
		417C543B21A6ED3400A7C0FE /* Base.lproj */ = {
			isa = PBXGroup;
			children = (
				417C543C21A6ED3400A7C0FE /* LaunchScreen.storyboard */,
			);
			path = Base.lproj;
			sourceTree = "<group>";
		};
		417C544321A6EE3F00A7C0FE /* Service */ = {
			isa = PBXGroup;
			children = (
				417C544421A6EE4F00A7C0FE /* HomeService.swift */,
			);
			path = Service;
			sourceTree = "<group>";
		};
		417C544621A6EEE200A7C0FE /* JSON */ = {
			isa = PBXGroup;
			children = (
				417C544721A6EEF200A7C0FE /* HomeData.json */,
			);
			path = JSON;
			sourceTree = "<group>";
		};
/* End PBXGroup section */

/* Begin PBXNativeTarget section */
		417C53F621A6C9A700A7C0FE /* SDLabs */ = {
			isa = PBXNativeTarget;
			buildConfigurationList = 417C540921A6C9A900A7C0FE /* Build configuration list for PBXNativeTarget "SDLabs" */;
			buildPhases = (
				417C53F321A6C9A700A7C0FE /* Sources */,
				417C53F421A6C9A700A7C0FE /* Frameworks */,
				417C53F521A6C9A700A7C0FE /* Resources */,
			);
			buildRules = (
			);
			dependencies = (
			);
			name = SDLabs;
			productName = SDLabs;
			productReference = 417C53F721A6C9A700A7C0FE /* SDLabs.app */;
			productType = "com.apple.product-type.application";
		};
/* End PBXNativeTarget section */

/* Begin PBXProject section */
		417C53EF21A6C9A700A7C0FE /* Project object */ = {
			isa = PBXProject;
			attributes = {
				LastSwiftUpdateCheck = 1000;
				LastUpgradeCheck = 1000;
				ORGANIZATIONNAME = Pardeep;
				TargetAttributes = {
					417C53F621A6C9A700A7C0FE = {
						CreatedOnToolsVersion = 10.0;
					};
				};
			};
			buildConfigurationList = 417C53F221A6C9A700A7C0FE /* Build configuration list for PBXProject "SDLabs" */;
			compatibilityVersion = "Xcode 9.3";
			developmentRegion = en;
			hasScannedForEncodings = 0;
			knownRegions = (
				en,
				Base,
			);
			mainGroup = 417C53EE21A6C9A700A7C0FE;
			productRefGroup = 417C53F821A6C9A700A7C0FE /* Products */;
			projectDirPath = "";
			projectRoot = "";
			targets = (
				417C53F621A6C9A700A7C0FE /* SDLabs */,
			);
		};
/* End PBXProject section */

/* Begin PBXResourcesBuildPhase section */
		417C53F521A6C9A700A7C0FE /* Resources */ = {
			isa = PBXResourcesBuildPhase;
			buildActionMask = 2147483647;
			files = (
				41FBCD5721A7D30400C40D8C /* HomeTableHeaderView.xib in Resources */,
				417C544221A6EDA400A7C0FE /* LaunchScreen.storyboard in Resources */,
				417C544821A6EEF200A7C0FE /* HomeData.json in Resources */,
				417C542B21A6D1AD00A7C0FE /* Home.storyboard in Resources */,
				417C542C21A6D1AD00A7C0FE /* HomeView.xib in Resources */,
				41FBCD4D21A7D18100C40D8C /* EvenItemsTableViewCell.xib in Resources */,
				417C544021A6ED6000A7C0FE /* Assets.xcassets in Resources */,
			);
			runOnlyForDeploymentPostprocessing = 0;
		};
/* End PBXResourcesBuildPhase section */

/* Begin PBXSourcesBuildPhase section */
		417C53F321A6C9A700A7C0FE /* Sources */ = {
			isa = PBXSourcesBuildPhase;
			buildActionMask = 2147483647;
			files = (
				417C542521A6D05B00A7C0FE /* HomeView.swift in Sources */,
				417C53FB21A6C9A700A7C0FE /* AppDelegate.swift in Sources */,
				41FBCD4F21A7D19600C40D8C /* EvenItemsTableViewCell.swift in Sources */,
				417C543721A6D82300A7C0FE /* NMFLoadingOverlay.swift in Sources */,
				417C542021A6CF9B00A7C0FE /* NSDictionary+Value.swift in Sources */,
				417C544A21A6EF4D00A7C0FE /* NSObject+JSONFileReader.swift in Sources */,
				417C543021A6D1DD00A7C0FE /* HomeProtocol.swift in Sources */,
				417C541921A6CCFD00A7C0FE /* Home.swift in Sources */,
				417C543421A6D43600A7C0FE /* UIStoryboard+ViewControllerLoader.swift in Sources */,
				41FBCD5321A7D2EB00C40D8C /* HomeTableHeaderView.swift in Sources */,
				417C541121A6CA1000A7C0FE /* BaseViewController.swift in Sources */,
				417C544521A6EE4F00A7C0FE /* HomeService.swift in Sources */,
				417C541D21A6CE4C00A7C0FE /* HomeUserItem.swift in Sources */,
				417C541621A6CCB900A7C0FE /* HomeViewController.swift in Sources */,
				417C541B21A6CD4F00A7C0FE /* HomeUser.swift in Sources */,
				417C543221A6D38800A7C0FE /* HomePresenter.swift in Sources */,
			);
			runOnlyForDeploymentPostprocessing = 0;
		};
/* End PBXSourcesBuildPhase section */

/* Begin PBXVariantGroup section */
		417C543C21A6ED3400A7C0FE /* LaunchScreen.storyboard */ = {
			isa = PBXVariantGroup;
			children = (
				417C543D21A6ED3400A7C0FE /* Base */,
			);
			name = LaunchScreen.storyboard;
			sourceTree = "<group>";
		};
/* End PBXVariantGroup section */

/* Begin XCBuildConfiguration section */
		417C540721A6C9A900A7C0FE /* Debug */ = {
			isa = XCBuildConfiguration;
			buildSettings = {
				ALWAYS_SEARCH_USER_PATHS = NO;
				CLANG_ANALYZER_NONNULL = YES;
				CLANG_ANALYZER_NUMBER_OBJECT_CONVERSION = YES_AGGRESSIVE;
				CLANG_CXX_LANGUAGE_STANDARD = "gnu++14";
				CLANG_CXX_LIBRARY = "libc++";
				CLANG_ENABLE_MODULES = YES;
				CLANG_ENABLE_OBJC_ARC = YES;
				CLANG_ENABLE_OBJC_WEAK = YES;
				CLANG_WARN_BLOCK_CAPTURE_AUTORELEASING = YES;
				CLANG_WARN_BOOL_CONVERSION = YES;
				CLANG_WARN_COMMA = YES;
				CLANG_WARN_CONSTANT_CONVERSION = YES;
				CLANG_WARN_DEPRECATED_OBJC_IMPLEMENTATIONS = YES;
				CLANG_WARN_DIRECT_OBJC_ISA_USAGE = YES_ERROR;
				CLANG_WARN_DOCUMENTATION_COMMENTS = YES;
				CLANG_WARN_EMPTY_BODY = YES;
				CLANG_WARN_ENUM_CONVERSION = YES;
				CLANG_WARN_INFINITE_RECURSION = YES;
				CLANG_WARN_INT_CONVERSION = YES;
				CLANG_WARN_NON_LITERAL_NULL_CONVERSION = YES;
				CLANG_WARN_OBJC_IMPLICIT_RETAIN_SELF = YES;
				CLANG_WARN_OBJC_LITERAL_CONVERSION = YES;
				CLANG_WARN_OBJC_ROOT_CLASS = YES_ERROR;
				CLANG_WARN_RANGE_LOOP_ANALYSIS = YES;
				CLANG_WARN_STRICT_PROTOTYPES = YES;
				CLANG_WARN_SUSPICIOUS_MOVE = YES;
				CLANG_WARN_UNGUARDED_AVAILABILITY = YES_AGGRESSIVE;
				CLANG_WARN_UNREACHABLE_CODE = YES;
				CLANG_WARN__DUPLICATE_METHOD_MATCH = YES;
				CODE_SIGN_IDENTITY = "iPhone Developer";
				COPY_PHASE_STRIP = NO;
				DEBUG_INFORMATION_FORMAT = dwarf;
				ENABLE_STRICT_OBJC_MSGSEND = YES;
				ENABLE_TESTABILITY = YES;
				GCC_C_LANGUAGE_STANDARD = gnu11;
				GCC_DYNAMIC_NO_PIC = NO;
				GCC_NO_COMMON_BLOCKS = YES;
				GCC_OPTIMIZATION_LEVEL = 0;
				GCC_PREPROCESSOR_DEFINITIONS = (
					"DEBUG=1",
					"$(inherited)",
				);
				GCC_WARN_64_TO_32_BIT_CONVERSION = YES;
				GCC_WARN_ABOUT_RETURN_TYPE = YES_ERROR;
				GCC_WARN_UNDECLARED_SELECTOR = YES;
				GCC_WARN_UNINITIALIZED_AUTOS = YES_AGGRESSIVE;
				GCC_WARN_UNUSED_FUNCTION = YES;
				GCC_WARN_UNUSED_VARIABLE = YES;
				IPHONEOS_DEPLOYMENT_TARGET = 12.0;
				MTL_ENABLE_DEBUG_INFO = INCLUDE_SOURCE;
				MTL_FAST_MATH = YES;
				ONLY_ACTIVE_ARCH = YES;
				SDKROOT = iphoneos;
				SWIFT_ACTIVE_COMPILATION_CONDITIONS = DEBUG;
				SWIFT_OPTIMIZATION_LEVEL = "-Onone";
			};
			name = Debug;
		};
		417C540821A6C9A900A7C0FE /* Release */ = {
			isa = XCBuildConfiguration;
			buildSettings = {
				ALWAYS_SEARCH_USER_PATHS = NO;
				CLANG_ANALYZER_NONNULL = YES;
				CLANG_ANALYZER_NUMBER_OBJECT_CONVERSION = YES_AGGRESSIVE;
				CLANG_CXX_LANGUAGE_STANDARD = "gnu++14";
				CLANG_CXX_LIBRARY = "libc++";
				CLANG_ENABLE_MODULES = YES;
				CLANG_ENABLE_OBJC_ARC = YES;
				CLANG_ENABLE_OBJC_WEAK = YES;
				CLANG_WARN_BLOCK_CAPTURE_AUTORELEASING = YES;
				CLANG_WARN_BOOL_CONVERSION = YES;
				CLANG_WARN_COMMA = YES;
				CLANG_WARN_CONSTANT_CONVERSION = YES;
				CLANG_WARN_DEPRECATED_OBJC_IMPLEMENTATIONS = YES;
				CLANG_WARN_DIRECT_OBJC_ISA_USAGE = YES_ERROR;
				CLANG_WARN_DOCUMENTATION_COMMENTS = YES;
				CLANG_WARN_EMPTY_BODY = YES;
				CLANG_WARN_ENUM_CONVERSION = YES;
				CLANG_WARN_INFINITE_RECURSION = YES;
				CLANG_WARN_INT_CONVERSION = YES;
				CLANG_WARN_NON_LITERAL_NULL_CONVERSION = YES;
				CLANG_WARN_OBJC_IMPLICIT_RETAIN_SELF = YES;
				CLANG_WARN_OBJC_LITERAL_CONVERSION = YES;
				CLANG_WARN_OBJC_ROOT_CLASS = YES_ERROR;
				CLANG_WARN_RANGE_LOOP_ANALYSIS = YES;
				CLANG_WARN_STRICT_PROTOTYPES = YES;
				CLANG_WARN_SUSPICIOUS_MOVE = YES;
				CLANG_WARN_UNGUARDED_AVAILABILITY = YES_AGGRESSIVE;
				CLANG_WARN_UNREACHABLE_CODE = YES;
				CLANG_WARN__DUPLICATE_METHOD_MATCH = YES;
				CODE_SIGN_IDENTITY = "iPhone Developer";
				COPY_PHASE_STRIP = NO;
				DEBUG_INFORMATION_FORMAT = "dwarf-with-dsym";
				ENABLE_NS_ASSERTIONS = NO;
				ENABLE_STRICT_OBJC_MSGSEND = YES;
				GCC_C_LANGUAGE_STANDARD = gnu11;
				GCC_NO_COMMON_BLOCKS = YES;
				GCC_WARN_64_TO_32_BIT_CONVERSION = YES;
				GCC_WARN_ABOUT_RETURN_TYPE = YES_ERROR;
				GCC_WARN_UNDECLARED_SELECTOR = YES;
				GCC_WARN_UNINITIALIZED_AUTOS = YES_AGGRESSIVE;
				GCC_WARN_UNUSED_FUNCTION = YES;
				GCC_WARN_UNUSED_VARIABLE = YES;
				IPHONEOS_DEPLOYMENT_TARGET = 12.0;
				MTL_ENABLE_DEBUG_INFO = NO;
				MTL_FAST_MATH = YES;
				SDKROOT = iphoneos;
				SWIFT_COMPILATION_MODE = wholemodule;
				SWIFT_OPTIMIZATION_LEVEL = "-O";
				VALIDATE_PRODUCT = YES;
			};
			name = Release;
		};
		417C540A21A6C9A900A7C0FE /* Debug */ = {
			isa = XCBuildConfiguration;
			buildSettings = {
				ASSETCATALOG_COMPILER_APPICON_NAME = AppIcon;
				CODE_SIGN_STYLE = Automatic;
				INFOPLIST_FILE = "$(SRCROOT)/SDLabs/Resources/Info.plist";
				IPHONEOS_DEPLOYMENT_TARGET = 10.0;
				LD_RUNPATH_SEARCH_PATHS = (
					"$(inherited)",
					"@executable_path/Frameworks",
				);
				PRODUCT_BUNDLE_IDENTIFIER = com.SDLabs;
				PRODUCT_NAME = "$(TARGET_NAME)";
				SWIFT_VERSION = 4.2;
				TARGETED_DEVICE_FAMILY = 1;
			};
			name = Debug;
		};
		417C540B21A6C9A900A7C0FE /* Release */ = {
			isa = XCBuildConfiguration;
			buildSettings = {
				ASSETCATALOG_COMPILER_APPICON_NAME = AppIcon;
				CODE_SIGN_STYLE = Automatic;
				INFOPLIST_FILE = "$(SRCROOT)/SDLabs/Resources/Info.plist";
				IPHONEOS_DEPLOYMENT_TARGET = 10.0;
				LD_RUNPATH_SEARCH_PATHS = (
					"$(inherited)",
					"@executable_path/Frameworks",
				);
				PRODUCT_BUNDLE_IDENTIFIER = com.SDLabs;
				PRODUCT_NAME = "$(TARGET_NAME)";
				SWIFT_VERSION = 4.2;
				TARGETED_DEVICE_FAMILY = 1;
			};
			name = Release;
		};
/* End XCBuildConfiguration section */

/* Begin XCConfigurationList section */
		417C53F221A6C9A700A7C0FE /* Build configuration list for PBXProject "SDLabs" */ = {
			isa = XCConfigurationList;
			buildConfigurations = (
				417C540721A6C9A900A7C0FE /* Debug */,
				417C540821A6C9A900A7C0FE /* Release */,
			);
			defaultConfigurationIsVisible = 0;
			defaultConfigurationName = Release;
		};
		417C540921A6C9A900A7C0FE /* Build configuration list for PBXNativeTarget "SDLabs" */ = {
			isa = XCConfigurationList;
			buildConfigurations = (
				417C540A21A6C9A900A7C0FE /* Debug */,
				417C540B21A6C9A900A7C0FE /* Release */,
			);
			defaultConfigurationIsVisible = 0;
			defaultConfigurationName = Release;
		};
/* End XCConfigurationList section */
	};
	rootObject = 417C53EF21A6C9A700A7C0FE /* Project object */;
}
